// !$*UTF8*$!
{
	archiveVersion = 1;
	classes = {
	};
	objectVersion = 77;
	objects = {

/* Begin PBXBuildFile section */
		84A9A6A02D85309100559864 /* HotKey in Frameworks */ = {isa = PBXBuildFile; productRef = 84A9A69F2D85309100559864 /* HotKey */; };
/* End PBXBuildFile section */

/* Begin PBXContainerItemProxy section */
		8456085F2D8290B400EB228E /* PBXContainerItemProxy */ = {
			isa = PBXContainerItemProxy;
			containerPortal = 845608452D8290B200EB228E /* Project object */;
			proxyType = 1;
			remoteGlobalIDString = 8456084C2D8290B200EB228E;
			remoteInfo = Launcher;
		};
		845608692D8290B400EB228E /* PBXContainerItemProxy */ = {
			isa = PBXContainerItemProxy;
			containerPortal = 845608452D8290B200EB228E /* Project object */;
			proxyType = 1;
			remoteGlobalIDString = 8456084C2D8290B200EB228E;
			remoteInfo = Launcher;
		};
/* End PBXContainerItemProxy section */

/* Begin PBXFileReference section */
		8456084D2D8290B200EB228E /* Launcher.app */ = {isa = PBXFileReference; explicitFileType = wrapper.application; includeInIndex = 0; path = Launcher.app; sourceTree = BUILT_PRODUCTS_DIR; };
		8456085E2D8290B400EB228E /* LauncherTests.xctest */ = {isa = PBXFileReference; explicitFileType = wrapper.cfbundle; includeInIndex = 0; path = LauncherTests.xctest; sourceTree = BUILT_PRODUCTS_DIR; };
		845608682D8290B400EB228E /* LauncherUITests.xctest */ = {isa = PBXFileReference; explicitFileType = wrapper.cfbundle; includeInIndex = 0; path = LauncherUITests.xctest; sourceTree = BUILT_PRODUCTS_DIR; };
/* End PBXFileReference section */

/* Begin PBXFileSystemSynchronizedBuildFileExceptionSet section */
		848D88382D94010100E48B64 /* Exceptions for "Launcher" folder in "Launcher" target */ = {
			isa = PBXFileSystemSynchronizedBuildFileExceptionSet;
			membershipExceptions = (
				Views/FileSearchView.swift.old,
				Views/ResultList/ResultListView.swift.old,
			);
			target = 8456084C2D8290B200EB228E /* Launcher */;
		};
/* End PBXFileSystemSynchronizedBuildFileExceptionSet section */

/* Begin PBXFileSystemSynchronizedGroupBuildPhaseMembershipExceptionSet section */
		848D88392D94010100E48B64 /* Exceptions for "Launcher" folder in "Compile Sources" phase from "Launcher" target */ = {
			isa = PBXFileSystemSynchronizedGroupBuildPhaseMembershipExceptionSet;
			buildPhase = 845608492D8290B200EB228E /* Sources */;
			membershipExceptions = (
				Views/FileSearchView.swift.old,
				Views/ResultList/ResultListView.swift.old,
			);
		};
/* End PBXFileSystemSynchronizedGroupBuildPhaseMembershipExceptionSet section */

/* Begin PBXFileSystemSynchronizedRootGroup section */
		8456084F2D8290B200EB228E /* Launcher */ = {
			isa = PBXFileSystemSynchronizedRootGroup;
			exceptions = (
				848D88382D94010100E48B64 /* Exceptions for "Launcher" folder in "Launcher" target */,
				848D88392D94010100E48B64 /* Exceptions for "Launcher" folder in "Compile Sources" phase from "Launcher" target */,
			);
			path = Launcher;
			sourceTree = "<group>";
		};
		845608612D8290B400EB228E /* LauncherTests */ = {
			isa = PBXFileSystemSynchronizedRootGroup;
			path = LauncherTests;
			sourceTree = "<group>";
		};
		8456086B2D8290B400EB228E /* LauncherUITests */ = {
			isa = PBXFileSystemSynchronizedRootGroup;
			path = LauncherUITests;
			sourceTree = "<group>";
		};
/* End PBXFileSystemSynchronizedRootGroup section */

/* Begin PBXFrameworksBuildPhase section */
		8456084A2D8290B200EB228E /* Frameworks */ = {
			isa = PBXFrameworksBuildPhase;
			buildActionMask = 2147483647;
			files = (
				84A9A6A02D85309100559864 /* HotKey in Frameworks */,
			);
			runOnlyForDeploymentPostprocessing = 0;
		};
		8456085B2D8290B400EB228E /* Frameworks */ = {
			isa = PBXFrameworksBuildPhase;
			buildActionMask = 2147483647;
			files = (
			);
			runOnlyForDeploymentPostprocessing = 0;
		};
		845608652D8290B400EB228E /* Frameworks */ = {
			isa = PBXFrameworksBuildPhase;
			buildActionMask = 2147483647;
			files = (
			);
			runOnlyForDeploymentPostprocessing = 0;
		};
/* End PBXFrameworksBuildPhase section */

/* Begin PBXGroup section */
		845608442D8290B200EB228E = {
			isa = PBXGroup;
			children = (
				8456084F2D8290B200EB228E /* Launcher */,
				845608612D8290B400EB228E /* LauncherTests */,
				8456086B2D8290B400EB228E /* LauncherUITests */,
				8456084E2D8290B200EB228E /* Products */,
			);
			sourceTree = "<group>";
		};
		8456084E2D8290B200EB228E /* Products */ = {
			isa = PBXGroup;
			children = (
				8456084D2D8290B200EB228E /* Launcher.app */,
				8456085E2D8290B400EB228E /* LauncherTests.xctest */,
				845608682D8290B400EB228E /* LauncherUITests.xctest */,
			);
			name = Products;
			sourceTree = "<group>";
		};
/* End PBXGroup section */

/* Begin PBXNativeTarget section */
		8456084C2D8290B200EB228E /* Launcher */ = {
			isa = PBXNativeTarget;
			buildConfigurationList = 845608722D8290B400EB228E /* Build configuration list for PBXNativeTarget "Launcher" */;
			buildPhases = (
				845608492D8290B200EB228E /* Sources */,
				8456084A2D8290B200EB228E /* Frameworks */,
				8456084B2D8290B200EB228E /* Resources */,
			);
			buildRules = (
			);
			dependencies = (
			);
			fileSystemSynchronizedGroups = (
				8456084F2D8290B200EB228E /* Launcher */,
			);
			name = Launcher;
			packageProductDependencies = (
				84A9A69F2D85309100559864 /* HotKey */,
			);
			productName = Launcher;
			productReference = 8456084D2D8290B200EB228E /* Launcher.app */;
			productType = "com.apple.product-type.application";
		};
		8456085D2D8290B400EB228E /* LauncherTests */ = {
			isa = PBXNativeTarget;
			buildConfigurationList = 845608752D8290B400EB228E /* Build configuration list for PBXNativeTarget "LauncherTests" */;
			buildPhases = (
				8456085A2D8290B400EB228E /* Sources */,
				8456085B2D8290B400EB228E /* Frameworks */,
				8456085C2D8290B400EB228E /* Resources */,
			);
			buildRules = (
			);
			dependencies = (
				845608602D8290B400EB228E /* PBXTargetDependency */,
			);
			fileSystemSynchronizedGroups = (
				845608612D8290B400EB228E /* LauncherTests */,
			);
			name = LauncherTests;
			packageProductDependencies = (
			);
			productName = LauncherTests;
			productReference = 8456085E2D8290B400EB228E /* LauncherTests.xctest */;
			productType = "com.apple.product-type.bundle.unit-test";
		};
		845608672D8290B400EB228E /* LauncherUITests */ = {
			isa = PBXNativeTarget;
			buildConfigurationList = 845608782D8290B400EB228E /* Build configuration list for PBXNativeTarget "LauncherUITests" */;
			buildPhases = (
				845608642D8290B400EB228E /* Sources */,
				845608652D8290B400EB228E /* Frameworks */,
				845608662D8290B400EB228E /* Resources */,
			);
			buildRules = (
			);
			dependencies = (
				8456086A2D8290B400EB228E /* PBXTargetDependency */,
			);
			fileSystemSynchronizedGroups = (
				8456086B2D8290B400EB228E /* LauncherUITests */,
			);
			name = LauncherUITests;
			packageProductDependencies = (
			);
			productName = LauncherUITests;
			productReference = 845608682D8290B400EB228E /* LauncherUITests.xctest */;
			productType = "com.apple.product-type.bundle.ui-testing";
		};
/* End PBXNativeTarget section */

/* Begin PBXProject section */
		845608452D8290B200EB228E /* Project object */ = {
			isa = PBXProject;
			attributes = {
				BuildIndependentTargetsInParallel = 1;
				LastSwiftUpdateCheck = 1620;
				LastUpgradeCheck = 1620;
				TargetAttributes = {
					8456084C2D8290B200EB228E = {
						CreatedOnToolsVersion = 16.2;
					};
					8456085D2D8290B400EB228E = {
						CreatedOnToolsVersion = 16.2;
						TestTargetID = 8456084C2D8290B200EB228E;
					};
					845608672D8290B400EB228E = {
						CreatedOnToolsVersion = 16.2;
						TestTargetID = 8456084C2D8290B200EB228E;
					};
				};
			};
			buildConfigurationList = 845608482D8290B200EB228E /* Build configuration list for PBXProject "Launcher" */;
			developmentRegion = en;
			hasScannedForEncodings = 0;
			knownRegions = (
				en,
				Base,
			);
			mainGroup = 845608442D8290B200EB228E;
			minimizedProjectReferenceProxies = 1;
			packageReferences = (
				84A9A69E2D85309100559864 /* XCRemoteSwiftPackageReference "HotKey" */,
			);
			preferredProjectObjectVersion = 77;
			productRefGroup = 8456084E2D8290B200EB228E /* Products */;
			projectDirPath = "";
			projectRoot = "";
			targets = (
				8456084C2D8290B200EB228E /* Launcher */,
				8456085D2D8290B400EB228E /* LauncherTests */,
				845608672D8290B400EB228E /* LauncherUITests */,
			);
		};
/* End PBXProject section */

/* Begin PBXResourcesBuildPhase section */
		8456084B2D8290B200EB228E /* Resources */ = {
			isa = PBXResourcesBuildPhase;
			buildActionMask = 2147483647;
			files = (
			);
			runOnlyForDeploymentPostprocessing = 0;
		};
		8456085C2D8290B400EB228E /* Resources */ = {
			isa = PBXResourcesBuildPhase;
			buildActionMask = 2147483647;
			files = (
			);
			runOnlyForDeploymentPostprocessing = 0;
		};
		845608662D8290B400EB228E /* Resources */ = {
			isa = PBXResourcesBuildPhase;
			buildActionMask = 2147483647;
			files = (
			);
			runOnlyForDeploymentPostprocessing = 0;
		};
/* End PBXResourcesBuildPhase section */

/* Begin PBXSourcesBuildPhase section */
		845608492D8290B200EB228E /* Sources */ = {
			isa = PBXSourcesBuildPhase;
			buildActionMask = 2147483647;
			files = (
			);
			runOnlyForDeploymentPostprocessing = 0;
		};
		8456085A2D8290B400EB228E /* Sources */ = {
			isa = PBXSourcesBuildPhase;
			buildActionMask = 2147483647;
			files = (
			);
			runOnlyForDeploymentPostprocessing = 0;
		};
		845608642D8290B400EB228E /* Sources */ = {
			isa = PBXSourcesBuildPhase;
			buildActionMask = 2147483647;
			files = (
			);
			runOnlyForDeploymentPostprocessing = 0;
		};
/* End PBXSourcesBuildPhase section */

/* Begin PBXTargetDependency section */
		845608602D8290B400EB228E /* PBXTargetDependency */ = {
			isa = PBXTargetDependency;
			target = 8456084C2D8290B200EB228E /* Launcher */;
			targetProxy = 8456085F2D8290B400EB228E /* PBXContainerItemProxy */;
		};
		8456086A2D8290B400EB228E /* PBXTargetDependency */ = {
			isa = PBXTargetDependency;
			target = 8456084C2D8290B200EB228E /* Launcher */;
			targetProxy = 845608692D8290B400EB228E /* PBXContainerItemProxy */;
		};
/* End PBXTargetDependency section */

/* Begin XCBuildConfiguration section */
		845608702D8290B400EB228E /* Debug */ = {
			isa = XCBuildConfiguration;
			buildSettings = {
				ALWAYS_SEARCH_USER_PATHS = NO;
				ASSETCATALOG_COMPILER_GENERATE_SWIFT_ASSET_SYMBOL_EXTENSIONS = YES;
				CLANG_ANALYZER_NONNULL = YES;
				CLANG_ANALYZER_NUMBER_OBJECT_CONVERSION = YES_AGGRESSIVE;
				CLANG_CXX_LANGUAGE_STANDARD = "gnu++20";
				CLANG_ENABLE_MODULES = YES;
				CLANG_ENABLE_OBJC_ARC = YES;
				CLANG_ENABLE_OBJC_WEAK = YES;
				CLANG_WARN_BLOCK_CAPTURE_AUTORELEASING = YES;
				CLANG_WARN_BOOL_CONVERSION = YES;
				CLANG_WARN_COMMA = YES;
				CLANG_WARN_CONSTANT_CONVERSION = YES;
				CLANG_WARN_DEPRECATED_OBJC_IMPLEMENTATIONS = YES;
				CLANG_WARN_DIRECT_OBJC_ISA_USAGE = YES_ERROR;
				CLANG_WARN_DOCUMENTATION_COMMENTS = YES;
				CLANG_WARN_EMPTY_BODY = YES;
				CLANG_WARN_ENUM_CONVERSION = YES;
				CLANG_WARN_INFINITE_RECURSION = YES;
				CLANG_WARN_INT_CONVERSION = YES;
				CLANG_WARN_NON_LITERAL_NULL_CONVERSION = YES;
				CLANG_WARN_OBJC_IMPLICIT_RETAIN_SELF = YES;
				CLANG_WARN_OBJC_LITERAL_CONVERSION = YES;
				CLANG_WARN_OBJC_ROOT_CLASS = YES_ERROR;
				CLANG_WARN_QUOTED_INCLUDE_IN_FRAMEWORK_HEADER = YES;
				CLANG_WARN_RANGE_LOOP_ANALYSIS = YES;
				CLANG_WARN_STRICT_PROTOTYPES = YES;
				CLANG_WARN_SUSPICIOUS_MOVE = YES;
				CLANG_WARN_UNGUARDED_AVAILABILITY = YES_AGGRESSIVE;
				CLANG_WARN_UNREACHABLE_CODE = YES;
				CLANG_WARN__DUPLICATE_METHOD_MATCH = YES;
				COPY_PHASE_STRIP = NO;
				DEBUG_INFORMATION_FORMAT = dwarf;
				ENABLE_STRICT_OBJC_MSGSEND = YES;
				ENABLE_TESTABILITY = YES;
				ENABLE_USER_SCRIPT_SANDBOXING = YES;
				GCC_C_LANGUAGE_STANDARD = gnu17;
				GCC_DYNAMIC_NO_PIC = NO;
				GCC_NO_COMMON_BLOCKS = YES;
				GCC_OPTIMIZATION_LEVEL = 0;
				GCC_PREPROCESSOR_DEFINITIONS = (
					"DEBUG=1",
					"$(inherited)",
				);
				GCC_WARN_64_TO_32_BIT_CONVERSION = YES;
				GCC_WARN_ABOUT_RETURN_TYPE = YES_ERROR;
				GCC_WARN_UNDECLARED_SELECTOR = YES;
				GCC_WARN_UNINITIALIZED_AUTOS = YES_AGGRESSIVE;
				GCC_WARN_UNUSED_FUNCTION = YES;
				GCC_WARN_UNUSED_VARIABLE = YES;
				LOCALIZATION_PREFERS_STRING_CATALOGS = YES;
				MACOSX_DEPLOYMENT_TARGET = 15.2;
				MTL_ENABLE_DEBUG_INFO = INCLUDE_SOURCE;
				MTL_FAST_MATH = YES;
				ONLY_ACTIVE_ARCH = YES;
				SDKROOT = macosx;
				SWIFT_ACTIVE_COMPILATION_CONDITIONS = "DEBUG $(inherited)";
				SWIFT_OPTIMIZATION_LEVEL = "-Onone";
			};
			name = Debug;
		};
		845608712D8290B400EB228E /* Release */ = {
			isa = XCBuildConfiguration;
			buildSettings = {
				ALWAYS_SEARCH_USER_PATHS = NO;
				ASSETCATALOG_COMPILER_GENERATE_SWIFT_ASSET_SYMBOL_EXTENSIONS = YES;
				CLANG_ANALYZER_NONNULL = YES;
				CLANG_ANALYZER_NUMBER_OBJECT_CONVERSION = YES_AGGRESSIVE;
				CLANG_CXX_LANGUAGE_STANDARD = "gnu++20";
				CLANG_ENABLE_MODULES = YES;
				CLANG_ENABLE_OBJC_ARC = YES;
				CLANG_ENABLE_OBJC_WEAK = YES;
				CLANG_WARN_BLOCK_CAPTURE_AUTORELEASING = YES;
				CLANG_WARN_BOOL_CONVERSION = YES;
				CLANG_WARN_COMMA = YES;
				CLANG_WARN_CONSTANT_CONVERSION = YES;
				CLANG_WARN_DEPRECATED_OBJC_IMPLEMENTATIONS = YES;
				CLANG_WARN_DIRECT_OBJC_ISA_USAGE = YES_ERROR;
				CLANG_WARN_DOCUMENTATION_COMMENTS = YES;
				CLANG_WARN_EMPTY_BODY = YES;
				CLANG_WARN_ENUM_CONVERSION = YES;
				CLANG_WARN_INFINITE_RECURSION = YES;
				CLANG_WARN_INT_CONVERSION = YES;
				CLANG_WARN_NON_LITERAL_NULL_CONVERSION = YES;
				CLANG_WARN_OBJC_IMPLICIT_RETAIN_SELF = YES;
				CLANG_WARN_OBJC_LITERAL_CONVERSION = YES;
				CLANG_WARN_OBJC_ROOT_CLASS = YES_ERROR;
				CLANG_WARN_QUOTED_INCLUDE_IN_FRAMEWORK_HEADER = YES;
				CLANG_WARN_RANGE_LOOP_ANALYSIS = YES;
				CLANG_WARN_STRICT_PROTOTYPES = YES;
				CLANG_WARN_SUSPICIOUS_MOVE = YES;
				CLANG_WARN_UNGUARDED_AVAILABILITY = YES_AGGRESSIVE;
				CLANG_WARN_UNREACHABLE_CODE = YES;
				CLANG_WARN__DUPLICATE_METHOD_MATCH = YES;
				COPY_PHASE_STRIP = NO;
				DEBUG_INFORMATION_FORMAT = "dwarf-with-dsym";
				ENABLE_NS_ASSERTIONS = NO;
				ENABLE_STRICT_OBJC_MSGSEND = YES;
				ENABLE_USER_SCRIPT_SANDBOXING = YES;
				GCC_C_LANGUAGE_STANDARD = gnu17;
				GCC_NO_COMMON_BLOCKS = YES;
				GCC_WARN_64_TO_32_BIT_CONVERSION = YES;
				GCC_WARN_ABOUT_RETURN_TYPE = YES_ERROR;
				GCC_WARN_UNDECLARED_SELECTOR = YES;
				GCC_WARN_UNINITIALIZED_AUTOS = YES_AGGRESSIVE;
				GCC_WARN_UNUSED_FUNCTION = YES;
				GCC_WARN_UNUSED_VARIABLE = YES;
				LOCALIZATION_PREFERS_STRING_CATALOGS = YES;
				MACOSX_DEPLOYMENT_TARGET = 15.2;
				MTL_ENABLE_DEBUG_INFO = NO;
				MTL_FAST_MATH = YES;
				SDKROOT = macosx;
				SWIFT_COMPILATION_MODE = wholemodule;
			};
			name = Release;
		};
		845608732D8290B400EB228E /* Debug */ = {
			isa = XCBuildConfiguration;
			buildSettings = {
				ASSETCATALOG_COMPILER_APPICON_NAME = AppIcon;
				ASSETCATALOG_COMPILER_GLOBAL_ACCENT_COLOR_NAME = AccentColor;
				CODE_SIGN_ENTITLEMENTS = Launcher/Launcher.entitlements;
				CODE_SIGN_STYLE = Automatic;
				COMBINE_HIDPI_IMAGES = YES;
				CURRENT_PROJECT_VERSION = 1;
				DEVELOPMENT_ASSET_PATHS = "\"Launcher/Preview Content\"";
				ENABLE_PREVIEWS = YES;
				GENERATE_INFOPLIST_FILE = YES;
				INFOPLIST_KEY_NSHumanReadableCopyright = "";
				LD_RUNPATH_SEARCH_PATHS = (
					"$(inherited)",
					"@executable_path/../Frameworks",
				);
				MARKETING_VERSION = 1.0;
				PRODUCT_BUNDLE_IDENTIFIER = com.cong.Launcher;
				PRODUCT_NAME = "$(TARGET_NAME)";
				SWIFT_EMIT_LOC_STRINGS = YES;
				SWIFT_VERSION = 5.0;
			};
			name = Debug;
		};
		845608742D8290B400EB228E /* Release */ = {
			isa = XCBuildConfiguration;
			buildSettings = {
				ASSETCATALOG_COMPILER_APPICON_NAME = AppIcon;
				ASSETCATALOG_COMPILER_GLOBAL_ACCENT_COLOR_NAME = AccentColor;
				CODE_SIGN_ENTITLEMENTS = Launcher/Launcher.entitlements;
				CODE_SIGN_STYLE = Automatic;
				COMBINE_HIDPI_IMAGES = YES;
				CURRENT_PROJECT_VERSION = 1;
				DEVELOPMENT_ASSET_PATHS = "\"Launcher/Preview Content\"";
				ENABLE_PREVIEWS = YES;
				GENERATE_INFOPLIST_FILE = YES;
				INFOPLIST_KEY_NSHumanReadableCopyright = "";
				LD_RUNPATH_SEARCH_PATHS = (
					"$(inherited)",
					"@executable_path/../Frameworks",
				);
				MARKETING_VERSION = 1.0;
				PRODUCT_BUNDLE_IDENTIFIER = com.cong.Launcher;
				PRODUCT_NAME = "$(TARGET_NAME)";
				SWIFT_EMIT_LOC_STRINGS = YES;
				SWIFT_VERSION = 5.0;
			};
			name = Release;
		};
		845608762D8290B400EB228E /* Debug */ = {
			isa = XCBuildConfiguration;
			buildSettings = {
				BUNDLE_LOADER = "$(TEST_HOST)";
				CODE_SIGN_STYLE = Automatic;
				CURRENT_PROJECT_VERSION = 1;
				GENERATE_INFOPLIST_FILE = YES;
				MACOSX_DEPLOYMENT_TARGET = 15.2;
				MARKETING_VERSION = 1.0;
				PRODUCT_BUNDLE_IDENTIFIER = com.cong.LauncherTests;
				PRODUCT_NAME = "$(TARGET_NAME)";
				SWIFT_EMIT_LOC_STRINGS = NO;
				SWIFT_VERSION = 5.0;
				TEST_HOST = "$(BUILT_PRODUCTS_DIR)/Launcher.app/$(BUNDLE_EXECUTABLE_FOLDER_PATH)/Launcher";
			};
			name = Debug;
		};
		845608772D8290B400EB228E /* Release */ = {
			isa = XCBuildConfiguration;
			buildSettings = {
				BUNDLE_LOADER = "$(TEST_HOST)";
				CODE_SIGN_STYLE = Automatic;
				CURRENT_PROJECT_VERSION = 1;
				GENERATE_INFOPLIST_FILE = YES;
				MACOSX_DEPLOYMENT_TARGET = 15.2;
				MARKETING_VERSION = 1.0;
				PRODUCT_BUNDLE_IDENTIFIER = com.cong.LauncherTests;
				PRODUCT_NAME = "$(TARGET_NAME)";
				SWIFT_EMIT_LOC_STRINGS = NO;
				SWIFT_VERSION = 5.0;
				TEST_HOST = "$(BUILT_PRODUCTS_DIR)/Launcher.app/$(BUNDLE_EXECUTABLE_FOLDER_PATH)/Launcher";
			};
			name = Release;
		};
		845608792D8290B400EB228E /* Debug */ = {
			isa = XCBuildConfiguration;
			buildSettings = {
				CODE_SIGN_STYLE = Automatic;
				CURRENT_PROJECT_VERSION = 1;
				GENERATE_INFOPLIST_FILE = YES;
				MARKETING_VERSION = 1.0;
				PRODUCT_BUNDLE_IDENTIFIER = com.cong.LauncherUITests;
				PRODUCT_NAME = "$(TARGET_NAME)";
				SWIFT_EMIT_LOC_STRINGS = NO;
				SWIFT_VERSION = 5.0;
				TEST_TARGET_NAME = Launcher;
			};
			name = Debug;
		};
		8456087A2D8290B400EB228E /* Release */ = {
			isa = XCBuildConfiguration;
			buildSettings = {
				CODE_SIGN_STYLE = Automatic;
				CURRENT_PROJECT_VERSION = 1;
				GENERATE_INFOPLIST_FILE = YES;
				MARKETING_VERSION = 1.0;
				PRODUCT_BUNDLE_IDENTIFIER = com.cong.LauncherUITests;
				PRODUCT_NAME = "$(TARGET_NAME)";
				SWIFT_EMIT_LOC_STRINGS = NO;
				SWIFT_VERSION = 5.0;
				TEST_TARGET_NAME = Launcher;
			};
			name = Release;
		};
/* End XCBuildConfiguration section */

/* Begin XCConfigurationList section */
		845608482D8290B200EB228E /* Build configuration list for PBXProject "Launcher" */ = {
			isa = XCConfigurationList;
			buildConfigurations = (
				845608702D8290B400EB228E /* Debug */,
				845608712D8290B400EB228E /* Release */,
			);
			defaultConfigurationIsVisible = 0;
			defaultConfigurationName = Release;
		};
		845608722D8290B400EB228E /* Build configuration list for PBXNativeTarget "Launcher" */ = {
			isa = XCConfigurationList;
			buildConfigurations = (
				845608732D8290B400EB228E /* Debug */,
				845608742D8290B400EB228E /* Release */,
			);
			defaultConfigurationIsVisible = 0;
			defaultConfigurationName = Release;
		};
		845608752D8290B400EB228E /* Build configuration list for PBXNativeTarget "LauncherTests" */ = {
			isa = XCConfigurationList;
			buildConfigurations = (
				845608762D8290B400EB228E /* Debug */,
				845608772D8290B400EB228E /* Release */,
			);
			defaultConfigurationIsVisible = 0;
			defaultConfigurationName = Release;
		};
		845608782D8290B400EB228E /* Build configuration list for PBXNativeTarget "LauncherUITests" */ = {
			isa = XCConfigurationList;
			buildConfigurations = (
				845608792D8290B400EB228E /* Debug */,
				8456087A2D8290B400EB228E /* Release */,
			);
			defaultConfigurationIsVisible = 0;
			defaultConfigurationName = Release;
		};
/* End XCConfigurationList section */

/* Begin XCRemoteSwiftPackageReference section */
		84A9A69E2D85309100559864 /* XCRemoteSwiftPackageReference "HotKey" */ = {
			isa = XCRemoteSwiftPackageReference;
			repositoryURL = "https://github.com/soffes/HotKey";
			requirement = {
				branch = main;
				kind = branch;
			};
		};
/* End XCRemoteSwiftPackageReference section */

/* Begin XCSwiftPackageProductDependency section */
		84A9A69F2D85309100559864 /* HotKey */ = {
			isa = XCSwiftPackageProductDependency;
			package = 84A9A69E2D85309100559864 /* XCRemoteSwiftPackageReference "HotKey" */;
			productName = HotKey;
		};
/* End XCSwiftPackageProductDependency section */
	};
	rootObject = 845608452D8290B200EB228E /* Project object */;
}
